
Microsoft Visual Studio Solution File, Format Version 12.00
# Visual Studio Version 16
VisualStudioVersion = 16.0.31025.194
MinimumVisualStudioVersion = 10.0.40219.1
Project("{FAE04EC0-301F-11D3-BF4B-00C04F79EFBC}") = "WeatherAPI", "WeatherAPI\WeatherAPI.csproj", "{45EF5978-1397-4FEC-A236-AF030A2FD267}"
EndProject
Global
	GlobalSection(SolutionConfigurationPlatforms) = preSolution
		Debug|Any CPU = Debug|Any CPU
		Release|Any CPU = Release|Any CPU
	EndGlobalSection
	GlobalSection(ProjectConfigurationPlatforms) = postSolution
		{45EF5978-1397-4FEC-A236-AF030A2FD267}.Debug|Any CPU.ActiveCfg = Debug|Any CPU
		{45EF5978-1397-4FEC-A236-AF030A2FD267}.Debug|Any CPU.Build.0 = Debug|Any CPU
		{45EF5978-1397-4FEC-A236-AF030A2FD267}.Release|Any CPU.ActiveCfg = Release|Any CPU
		{45EF5978-1397-4FEC-A236-AF030A2FD267}.Release|Any CPU.Build.0 = Release|Any CPU
	EndGlobalSection
	GlobalSection(SolutionProperties) = preSolution
		HideSolutionNode = FALSE
	EndGlobalSection
	GlobalSection(ExtensibilityGlobals) = postSolution
		SolutionGuid = {D5B2EF1F-9823-4BF6-9921-CC3EBA518FA6}
	EndGlobalSection
EndGlobal
